<Solution>
  <Folder Name="/src/">
    <Project Path="src/MembankCore.Data/MembankCore.Data.csproj" />
    <Project Path="src/MembankCore.DataTransferObjects/MembankCore.DataTransferObjects.csproj" />
    <Project Path="src/MembankCore.Domain/MembankCore.Domain.csproj" />
    <Project Path="src/MembankCore.Services/MembankCore.Services.csproj" />
    <Project Path="src/MembankCore.Web/MembankCore.Web.csproj" />
  </Folder>
  <Folder Name="/tests/">
    <Project Path="tests/MembankCore.Services.Tests/MembankCore.Services.Tests.csproj" />
  </Folder>
</Solution>
